
Microsoft Visual Studio Solution File, Format Version 12.00
# Visual Studio Version 17
VisualStudioVersion = 17.3.32819.101
MinimumVisualStudioVersion = 10.0.40219.1
Project("{FAE04EC0-301F-11D3-BF4B-00C04F79EFBC}") = "Files-Translator", "Files-Translator\Files-Translator.csproj", "{AB0D6578-DB31-41FA-B93D-06C7720B5F01}"
EndProject
Global
	GlobalSection(SolutionConfigurationPlatforms) = preSolution
		Debug|Any CPU = Debug|Any CPU
		Release|Any CPU = Release|Any CPU
	EndGlobalSection
	GlobalSection(ProjectConfigurationPlatforms) = postSolution
		{AB0D6578-DB31-41FA-B93D-06C7720B5F01}.Debug|Any CPU.ActiveCfg = Debug|Any CPU
		{AB0D6578-DB31-41FA-B93D-06C7720B5F01}.Debug|Any CPU.Build.0 = Debug|Any CPU
		{AB0D6578-DB31-41FA-B93D-06C7720B5F01}.Release|Any CPU.ActiveCfg = Release|Any CPU
		{AB0D6578-DB31-41FA-B93D-06C7720B5F01}.Release|Any CPU.Build.0 = Release|Any CPU
	EndGlobalSection
	GlobalSection(SolutionProperties) = preSolution
		HideSolutionNode = FALSE
	EndGlobalSection
	GlobalSection(ExtensibilityGlobals) = postSolution
		SolutionGuid = {FC987EB9-A6C9-4E6A-B4E3-E55F3150F138}
	EndGlobalSection
EndGlobal
